// !$*UTF8*$!
{
	archiveVersion = 1;
	classes = {
	};
	objectVersion = 50;
	objects = {

/* Begin PBXBuildFile section */
		BC5A6665241262C1004741FF /* AppDelegate.swift in Sources */ = {isa = PBXBuildFile; fileRef = BC5A6664241262C1004741FF /* AppDelegate.swift */; };
		BC5A6667241262C1004741FF /* SceneDelegate.swift in Sources */ = {isa = PBXBuildFile; fileRef = BC5A6666241262C1004741FF /* SceneDelegate.swift */; };
		BC5A6669241262C1004741FF /* ViewController.swift in Sources */ = {isa = PBXBuildFile; fileRef = BC5A6668241262C1004741FF /* ViewController.swift */; };
		BC5A666C241262C1004741FF /* Main.storyboard in Resources */ = {isa = PBXBuildFile; fileRef = BC5A666A241262C1004741FF /* Main.storyboard */; };
		BC5A666F241262C1004741FF /* Free_Chat.xcdatamodeld in Sources */ = {isa = PBXBuildFile; fileRef = BC5A666D241262C1004741FF /* Free_Chat.xcdatamodeld */; };
		BC5A6671241262C1004741FF /* Assets.xcassets in Resources */ = {isa = PBXBuildFile; fileRef = BC5A6670241262C1004741FF /* Assets.xcassets */; };
		BC5A6674241262C1004741FF /* LaunchScreen.storyboard in Resources */ = {isa = PBXBuildFile; fileRef = BC5A6672241262C1004741FF /* LaunchScreen.storyboard */; };
/* End PBXBuildFile section */

/* Begin PBXFileReference section */
		BC5A6661241262C1004741FF /* Free Chat.app */ = {isa = PBXFileReference; explicitFileType = wrapper.application; includeInIndex = 0; path = "Free Chat.app"; sourceTree = BUILT_PRODUCTS_DIR; };
		BC5A6664241262C1004741FF /* AppDelegate.swift */ = {isa = PBXFileReference; lastKnownFileType = sourcecode.swift; path = AppDelegate.swift; sourceTree = "<group>"; };
		BC5A6666241262C1004741FF /* SceneDelegate.swift */ = {isa = PBXFileReference; lastKnownFileType = sourcecode.swift; path = SceneDelegate.swift; sourceTree = "<group>"; };
		BC5A6668241262C1004741FF /* ViewController.swift */ = {isa = PBXFileReference; lastKnownFileType = sourcecode.swift; path = ViewController.swift; sourceTree = "<group>"; };
		BC5A666B241262C1004741FF /* Base */ = {isa = PBXFileReference; lastKnownFileType = file.storyboard; name = Base; path = Base.lproj/Main.storyboard; sourceTree = "<group>"; };
		BC5A666E241262C1004741FF /* Free_Chat.xcdatamodel */ = {isa = PBXFileReference; lastKnownFileType = wrapper.xcdatamodel; path = Free_Chat.xcdatamodel; sourceTree = "<group>"; };
		BC5A6670241262C1004741FF /* Assets.xcassets */ = {isa = PBXFileReference; lastKnownFileType = folder.assetcatalog; path = Assets.xcassets; sourceTree = "<group>"; };
		BC5A6673241262C1004741FF /* Base */ = {isa = PBXFileReference; lastKnownFileType = file.storyboard; name = Base; path = Base.lproj/LaunchScreen.storyboard; sourceTree = "<group>"; };
		BC5A6675241262C1004741FF /* Info.plist */ = {isa = PBXFileReference; lastKnownFileType = text.plist.xml; path = Info.plist; sourceTree = "<group>"; };
/* End PBXFileReference section */

/* Begin PBXFrameworksBuildPhase section */
		BC5A665E241262C1004741FF /* Frameworks */ = {
			isa = PBXFrameworksBuildPhase;
			buildActionMask = 2147483647;
			files = (
			);
			runOnlyForDeploymentPostprocessing = 0;
		};
/* End PBXFrameworksBuildPhase section */

/* Begin PBXGroup section */
		BC5A6658241262C1004741FF = {
			isa = PBXGroup;
			children = (
				BC5A6663241262C1004741FF /* Free Chat */,
				BC5A6662241262C1004741FF /* Products */,
			);
			sourceTree = "<group>";
		};
		BC5A6662241262C1004741FF /* Products */ = {
			isa = PBXGroup;
			children = (
				BC5A6661241262C1004741FF /* Free Chat.app */,
			);
			name = Products;
			sourceTree = "<group>";
		};
		BC5A6663241262C1004741FF /* Free Chat */ = {
			isa = PBXGroup;
			children = (
				BC5A6664241262C1004741FF /* AppDelegate.swift */,
				BC5A6666241262C1004741FF /* SceneDelegate.swift */,
				BC5A6668241262C1004741FF /* ViewController.swift */,
				BC5A666A241262C1004741FF /* Main.storyboard */,
				BC5A6670241262C1004741FF /* Assets.xcassets */,
				BC5A6672241262C1004741FF /* LaunchScreen.storyboard */,
				BC5A6675241262C1004741FF /* Info.plist */,
				BC5A666D241262C1004741FF /* Free_Chat.xcdatamodeld */,
			);
			path = "Free Chat";
			sourceTree = "<group>";
		};
/* End PBXGroup section */

/* Begin PBXNativeTarget section */
		BC5A6660241262C1004741FF /* Free Chat */ = {
			isa = PBXNativeTarget;
			buildConfigurationList = BC5A6678241262C1004741FF /* Build configuration list for PBXNativeTarget "Free Chat" */;
			buildPhases = (
				BC5A665D241262C1004741FF /* Sources */,
				BC5A665E241262C1004741FF /* Frameworks */,
				BC5A665F241262C1004741FF /* Resources */,
			);
			buildRules = (
			);
			dependencies = (
			);
			name = "Free Chat";
			productName = "Free Chat";
			productReference = BC5A6661241262C1004741FF /* Free Chat.app */;
			productType = "com.apple.product-type.application";
		};
/* End PBXNativeTarget section */

/* Begin PBXProject section */
		BC5A6659241262C1004741FF /* Project object */ = {
			isa = PBXProject;
			attributes = {
				LastSwiftUpdateCheck = 1130;
				LastUpgradeCheck = 1130;
				ORGANIZATIONNAME = Talha;
				TargetAttributes = {
					BC5A6660241262C1004741FF = {
						CreatedOnToolsVersion = 11.3;
					};
				};
			};
			buildConfigurationList = BC5A665C241262C1004741FF /* Build configuration list for PBXProject "Free Chat" */;
			compatibilityVersion = "Xcode 9.3";
			developmentRegion = en;
			hasScannedForEncodings = 0;
			knownRegions = (
				en,
				Base,
			);
			mainGroup = BC5A6658241262C1004741FF;
			productRefGroup = BC5A6662241262C1004741FF /* Products */;
			projectDirPath = "";
			projectRoot = "";
			targets = (
				BC5A6660241262C1004741FF /* Free Chat */,
			);
		};
/* End PBXProject section */

/* Begin PBXResourcesBuildPhase section */
		BC5A665F241262C1004741FF /* Resources */ = {
			isa = PBXResourcesBuildPhase;
			buildActionMask = 2147483647;
			files = (
				BC5A6674241262C1004741FF /* LaunchScreen.storyboard in Resources */,
				BC5A6671241262C1004741FF /* Assets.xcassets in Resources */,
				BC5A666C241262C1004741FF /* Main.storyboard in Resources */,
			);
			runOnlyForDeploymentPostprocessing = 0;
		};
/* End PBXResourcesBuildPhase section */

/* Begin PBXSourcesBuildPhase section */
		BC5A665D241262C1004741FF /* Sources */ = {
			isa = PBXSourcesBuildPhase;
			buildActionMask = 2147483647;
			files = (
				BC5A6669241262C1004741FF /* ViewController.swift in Sources */,
				BC5A6665241262C1004741FF /* AppDelegate.swift in Sources */,
				BC5A6667241262C1004741FF /* SceneDelegate.swift in Sources */,
				BC5A666F241262C1004741FF /* Free_Chat.xcdatamodeld in Sources */,
			);
			runOnlyForDeploymentPostprocessing = 0;
		};
/* End PBXSourcesBuildPhase section */

/* Begin PBXVariantGroup section */
		BC5A666A241262C1004741FF /* Main.storyboard */ = {
			isa = PBXVariantGroup;
			children = (
				BC5A666B241262C1004741FF /* Base */,
			);
			name = Main.storyboard;
			sourceTree = "<group>";
		};
		BC5A6672241262C1004741FF /* LaunchScreen.storyboard */ = {
			isa = PBXVariantGroup;
			children = (
				BC5A6673241262C1004741FF /* Base */,
			);
			name = LaunchScreen.storyboard;
			sourceTree = "<group>";
		};
/* End PBXVariantGroup section */

/* Begin XCBuildConfiguration section */
		BC5A6676241262C1004741FF /* Debug */ = {
			isa = XCBuildConfiguration;
			buildSettings = {
				ALWAYS_SEARCH_USER_PATHS = NO;
				CLANG_ANALYZER_NONNULL = YES;
				CLANG_ANALYZER_NUMBER_OBJECT_CONVERSION = YES_AGGRESSIVE;
				CLANG_CXX_LANGUAGE_STANDARD = "gnu++14";
				CLANG_CXX_LIBRARY = "libc++";
				CLANG_ENABLE_MODULES = YES;
				CLANG_ENABLE_OBJC_ARC = YES;
				CLANG_ENABLE_OBJC_WEAK = YES;
				CLANG_WARN_BLOCK_CAPTURE_AUTORELEASING = YES;
				CLANG_WARN_BOOL_CONVERSION = YES;
				CLANG_WARN_COMMA = YES;
				CLANG_WARN_CONSTANT_CONVERSION = YES;
				CLANG_WARN_DEPRECATED_OBJC_IMPLEMENTATIONS = YES;
				CLANG_WARN_DIRECT_OBJC_ISA_USAGE = YES_ERROR;
				CLANG_WARN_DOCUMENTATION_COMMENTS = YES;
				CLANG_WARN_EMPTY_BODY = YES;
				CLANG_WARN_ENUM_CONVERSION = YES;
				CLANG_WARN_INFINITE_RECURSION = YES;
				CLANG_WARN_INT_CONVERSION = YES;
				CLANG_WARN_NON_LITERAL_NULL_CONVERSION = YES;
				CLANG_WARN_OBJC_IMPLICIT_RETAIN_SELF = YES;
				CLANG_WARN_OBJC_LITERAL_CONVERSION = YES;
				CLANG_WARN_OBJC_ROOT_CLASS = YES_ERROR;
				CLANG_WARN_RANGE_LOOP_ANALYSIS = YES;
				CLANG_WARN_STRICT_PROTOTYPES = YES;
				CLANG_WARN_SUSPICIOUS_MOVE = YES;
				CLANG_WARN_UNGUARDED_AVAILABILITY = YES_AGGRESSIVE;
				CLANG_WARN_UNREACHABLE_CODE = YES;
				CLANG_WARN__DUPLICATE_METHOD_MATCH = YES;
				COPY_PHASE_STRIP = NO;
				DEBUG_INFORMATION_FORMAT = dwarf;
				ENABLE_STRICT_OBJC_MSGSEND = YES;
				ENABLE_TESTABILITY = YES;
				GCC_C_LANGUAGE_STANDARD = gnu11;
				GCC_DYNAMIC_NO_PIC = NO;
				GCC_NO_COMMON_BLOCKS = YES;
				GCC_OPTIMIZATION_LEVEL = 0;
				GCC_PREPROCESSOR_DEFINITIONS = (
					"DEBUG=1",
					"$(inherited)",
				);
				GCC_WARN_64_TO_32_BIT_CONVERSION = YES;
				GCC_WARN_ABOUT_RETURN_TYPE = YES_ERROR;
				GCC_WARN_UNDECLARED_SELECTOR = YES;
				GCC_WARN_UNINITIALIZED_AUTOS = YES_AGGRESSIVE;
				GCC_WARN_UNUSED_FUNCTION = YES;
				GCC_WARN_UNUSED_VARIABLE = YES;
				IPHONEOS_DEPLOYMENT_TARGET = 13.2;
				MTL_ENABLE_DEBUG_INFO = INCLUDE_SOURCE;
				MTL_FAST_MATH = YES;
				ONLY_ACTIVE_ARCH = YES;
				SDKROOT = iphoneos;
				SWIFT_ACTIVE_COMPILATION_CONDITIONS = DEBUG;
				SWIFT_OPTIMIZATION_LEVEL = "-Onone";
			};
			name = Debug;
		};
		BC5A6677241262C1004741FF /* Release */ = {
			isa = XCBuildConfiguration;
			buildSettings = {
				ALWAYS_SEARCH_USER_PATHS = NO;
				CLANG_ANALYZER_NONNULL = YES;
				CLANG_ANALYZER_NUMBER_OBJECT_CONVERSION = YES_AGGRESSIVE;
				CLANG_CXX_LANGUAGE_STANDARD = "gnu++14";
				CLANG_CXX_LIBRARY = "libc++";
				CLANG_ENABLE_MODULES = YES;
				CLANG_ENABLE_OBJC_ARC = YES;
				CLANG_ENABLE_OBJC_WEAK = YES;
				CLANG_WARN_BLOCK_CAPTURE_AUTORELEASING = YES;
				CLANG_WARN_BOOL_CONVERSION = YES;
				CLANG_WARN_COMMA = YES;
				CLANG_WARN_CONSTANT_CONVERSION = YES;
				CLANG_WARN_DEPRECATED_OBJC_IMPLEMENTATIONS = YES;
				CLANG_WARN_DIRECT_OBJC_ISA_USAGE = YES_ERROR;
				CLANG_WARN_DOCUMENTATION_COMMENTS = YES;
				CLANG_WARN_EMPTY_BODY = YES;
				CLANG_WARN_ENUM_CONVERSION = YES;
				CLANG_WARN_INFINITE_RECURSION = YES;
				CLANG_WARN_INT_CONVERSION = YES;
				CLANG_WARN_NON_LITERAL_NULL_CONVERSION = YES;
				CLANG_WARN_OBJC_IMPLICIT_RETAIN_SELF = YES;
				CLANG_WARN_OBJC_LITERAL_CONVERSION = YES;
				CLANG_WARN_OBJC_ROOT_CLASS = YES_ERROR;
				CLANG_WARN_RANGE_LOOP_ANALYSIS = YES;
				CLANG_WARN_STRICT_PROTOTYPES = YES;
				CLANG_WARN_SUSPICIOUS_MOVE = YES;
				CLANG_WARN_UNGUARDED_AVAILABILITY = YES_AGGRESSIVE;
				CLANG_WARN_UNREACHABLE_CODE = YES;
				CLANG_WARN__DUPLICATE_METHOD_MATCH = YES;
				COPY_PHASE_STRIP = NO;
				DEBUG_INFORMATION_FORMAT = "dwarf-with-dsym";
				ENABLE_NS_ASSERTIONS = NO;
				ENABLE_STRICT_OBJC_MSGSEND = YES;
				GCC_C_LANGUAGE_STANDARD = gnu11;
				GCC_NO_COMMON_BLOCKS = YES;
				GCC_WARN_64_TO_32_BIT_CONVERSION = YES;
				GCC_WARN_ABOUT_RETURN_TYPE = YES_ERROR;
				GCC_WARN_UNDECLARED_SELECTOR = YES;
				GCC_WARN_UNINITIALIZED_AUTOS = YES_AGGRESSIVE;
				GCC_WARN_UNUSED_FUNCTION = YES;
				GCC_WARN_UNUSED_VARIABLE = YES;
				IPHONEOS_DEPLOYMENT_TARGET = 13.2;
				MTL_ENABLE_DEBUG_INFO = NO;
				MTL_FAST_MATH = YES;
				SDKROOT = iphoneos;
				SWIFT_COMPILATION_MODE = wholemodule;
				SWIFT_OPTIMIZATION_LEVEL = "-O";
				VALIDATE_PRODUCT = YES;
			};
			name = Release;
		};
		BC5A6679241262C1004741FF /* Debug */ = {
			isa = XCBuildConfiguration;
			buildSettings = {
				ASSETCATALOG_COMPILER_APPICON_NAME = AppIcon;
				CODE_SIGN_STYLE = Automatic;
				INFOPLIST_FILE = "Free Chat/Info.plist";
				LD_RUNPATH_SEARCH_PATHS = (
					"$(inherited)",
					"@executable_path/Frameworks",
				);
				PRODUCT_BUNDLE_IDENTIFIER = "talhasahi.Free-Chat";
				PRODUCT_NAME = "$(TARGET_NAME)";
				SWIFT_VERSION = 5.0;
				TARGETED_DEVICE_FAMILY = "1,2";
			};
			name = Debug;
		};
		BC5A667A241262C1004741FF /* Release */ = {
			isa = XCBuildConfiguration;
			buildSettings = {
				ASSETCATALOG_COMPILER_APPICON_NAME = AppIcon;
				CODE_SIGN_STYLE = Automatic;
				INFOPLIST_FILE = "Free Chat/Info.plist";
				LD_RUNPATH_SEARCH_PATHS = (
					"$(inherited)",
					"@executable_path/Frameworks",
				);
				PRODUCT_BUNDLE_IDENTIFIER = "talhasahi.Free-Chat";
				PRODUCT_NAME = "$(TARGET_NAME)";
				SWIFT_VERSION = 5.0;
				TARGETED_DEVICE_FAMILY = "1,2";
			};
			name = Release;
		};
/* End XCBuildConfiguration section */

/* Begin XCConfigurationList section */
		BC5A665C241262C1004741FF /* Build configuration list for PBXProject "Free Chat" */ = {
			isa = XCConfigurationList;
			buildConfigurations = (
				BC5A6676241262C1004741FF /* Debug */,
				BC5A6677241262C1004741FF /* Release */,
			);
			defaultConfigurationIsVisible = 0;
			defaultConfigurationName = Release;
		};
		BC5A6678241262C1004741FF /* Build configuration list for PBXNativeTarget "Free Chat" */ = {
			isa = XCConfigurationList;
			buildConfigurations = (
				BC5A6679241262C1004741FF /* Debug */,
				BC5A667A241262C1004741FF /* Release */,
			);
			defaultConfigurationIsVisible = 0;
			defaultConfigurationName = Release;
		};
/* End XCConfigurationList section */

/* Begin XCVersionGroup section */
		BC5A666D241262C1004741FF /* Free_Chat.xcdatamodeld */ = {
			isa = XCVersionGroup;
			children = (
				BC5A666E241262C1004741FF /* Free_Chat.xcdatamodel */,
			);
			currentVersion = BC5A666E241262C1004741FF /* Free_Chat.xcdatamodel */;
			path = Free_Chat.xcdatamodeld;
			sourceTree = "<group>";
			versionGroupType = wrapper.xcdatamodel;
		};
/* End XCVersionGroup section */
	};
	rootObject = BC5A6659241262C1004741FF /* Project object */;
}
